Microsoft Visual Studio Solution File, Format Version 12.00
# Visual Studio 2013
VisualStudioVersion = 12.0.40629.0
MinimumVisualStudioVersion = 10.0.40219.1
Project("{FAE04EC0-301F-11D3-BF4B-00C04F79EFBC}") = "Resin", "src\Resin\Resin.csproj", "{2BE53BD7-0454-4289-AF1B-E1781C983EC3}"
EndProject
Project("{FAE04EC0-301F-11D3-BF4B-00C04F79EFBC}") = "Tests", "src\Tests\Tests.csproj", "{FF84114A-C58C-4E65-B25F-DB49AB98A4F7}"
EndProject
Project("{FAE04EC0-301F-11D3-BF4B-00C04F79EFBC}") = "Cli", "src\Resin.Cli\Cli.csproj", "{61294CF9-8B5F-44F1-8A65-743728A04AE4}"
EndProject
Project("{FAE04EC0-301F-11D3-BF4B-00C04F79EFBC}") = "Resin.WikipediaJsonParser", "src\Resin.WikipediaJsonParser\Resin.WikipediaJsonParser.csproj", "{CC0D993C-AB03-4874-A263-F91AE9DA7804}"
EndProject
Project("{2150E333-8FDC-42A3-9474-1A3956D46DE8}") = "Solution Items", "Solution Items", "{CADD803B-57D9-4430-A5BE-9E66805FFFC3}"
	ProjectSection(SolutionItems) = preProject
		example.documents.json = example.documents.json
		LICENSE = LICENSE
		README.md = README.md
		rn-write.bat = rn-write.bat
		rn.bat = rn.bat
		rnw-write.bat = rnw-write.bat
		rnw.bat = rnw.bat
		sprint.txt = sprint.txt
		stopwords.txt = stopwords.txt
	EndProjectSection
EndProject
Global
	GlobalSection(SolutionConfigurationPlatforms) = preSolution
		Debug|Any CPU = Debug|Any CPU
		Release|Any CPU = Release|Any CPU
	EndGlobalSection
	GlobalSection(ProjectConfigurationPlatforms) = postSolution
		{2BE53BD7-0454-4289-AF1B-E1781C983EC3}.Debug|Any CPU.ActiveCfg = Debug|Any CPU
		{2BE53BD7-0454-4289-AF1B-E1781C983EC3}.Debug|Any CPU.Build.0 = Debug|Any CPU
		{2BE53BD7-0454-4289-AF1B-E1781C983EC3}.Release|Any CPU.ActiveCfg = Release|Any CPU
		{2BE53BD7-0454-4289-AF1B-E1781C983EC3}.Release|Any CPU.Build.0 = Release|Any CPU
		{FF84114A-C58C-4E65-B25F-DB49AB98A4F7}.Debug|Any CPU.ActiveCfg = Debug|Any CPU
		{FF84114A-C58C-4E65-B25F-DB49AB98A4F7}.Debug|Any CPU.Build.0 = Debug|Any CPU
		{FF84114A-C58C-4E65-B25F-DB49AB98A4F7}.Release|Any CPU.ActiveCfg = Release|Any CPU
		{FF84114A-C58C-4E65-B25F-DB49AB98A4F7}.Release|Any CPU.Build.0 = Release|Any CPU
		{61294CF9-8B5F-44F1-8A65-743728A04AE4}.Debug|Any CPU.ActiveCfg = Debug|Any CPU
		{61294CF9-8B5F-44F1-8A65-743728A04AE4}.Debug|Any CPU.Build.0 = Debug|Any CPU
		{61294CF9-8B5F-44F1-8A65-743728A04AE4}.Release|Any CPU.ActiveCfg = Release|Any CPU
		{61294CF9-8B5F-44F1-8A65-743728A04AE4}.Release|Any CPU.Build.0 = Release|Any CPU
		{CC0D993C-AB03-4874-A263-F91AE9DA7804}.Debug|Any CPU.ActiveCfg = Debug|Any CPU
		{CC0D993C-AB03-4874-A263-F91AE9DA7804}.Debug|Any CPU.Build.0 = Debug|Any CPU
		{CC0D993C-AB03-4874-A263-F91AE9DA7804}.Release|Any CPU.ActiveCfg = Release|Any CPU
		{CC0D993C-AB03-4874-A263-F91AE9DA7804}.Release|Any CPU.Build.0 = Release|Any CPU
	EndGlobalSection
	GlobalSection(SolutionProperties) = preSolution
		HideSolutionNode = FALSE
	EndGlobalSection
EndGlobal
