
Microsoft Visual Studio Solution File, Format Version 12.00
# Visual Studio 2013
VisualStudioVersion = 12.0.40629.0
MinimumVisualStudioVersion = 10.0.40219.1
Project("{FAE04EC0-301F-11D3-BF4B-00C04F79EFBC}") = "Resin", "Resin\Resin.csproj", "{2BE53BD7-0454-4289-AF1B-E1781C983EC3}"
EndProject
Project("{FAE04EC0-301F-11D3-BF4B-00C04F79EFBC}") = "Tests", "Tests\Tests.csproj", "{FF84114A-C58C-4E65-B25F-DB49AB98A4F7}"
EndProject
Project("{FAE04EC0-301F-11D3-BF4B-00C04F79EFBC}") = "Cli", "Cli\Cli.csproj", "{61294CF9-8B5F-44F1-8A65-743728A04AE4}"
EndProject
Project("{FAE04EC0-301F-11D3-BF4B-00C04F79EFBC}") = "Resin.WikipediaJsonParser", "Resin.WikipediaJsonParser\Resin.WikipediaJsonParser.csproj", "{CC0D993C-AB03-4874-A263-F91AE9DA7804}"
EndProject
Project("{2150E333-8FDC-42A3-9474-1A3956D46DE8}") = "Solution Items", "Solution Items", "{CADD803B-57D9-4430-A5BE-9E66805FFFC3}"
	ProjectSection(SolutionItems) = preProject
		example.document.json = example.document.json
		LICENSE = LICENSE
		README.md = README.md
		rn.bat = rn.bat
		rnh.bat = rnh.bat
		rnw.bat = rnw.bat
		stopwords.txt = stopwords.txt
		todo.txt = todo.txt
	EndProjectSection
EndProject
Project("{FAE04EC0-301F-11D3-BF4B-00C04F79EFBC}") = "Host", "Host\Host.csproj", "{A0C83074-0466-47DC-800C-17F3D0205713}"
EndProject
Project("{FAE04EC0-301F-11D3-BF4B-00C04F79EFBC}") = "Resin.Client", "Resin.Client\Resin.Client.csproj", "{8D42DF7A-10D6-4511-BF0D-673592D1A791}"
EndProject
Global
	GlobalSection(SolutionConfigurationPlatforms) = preSolution
		Debug|Any CPU = Debug|Any CPU
		Release|Any CPU = Release|Any CPU
	EndGlobalSection
	GlobalSection(ProjectConfigurationPlatforms) = postSolution
		{2BE53BD7-0454-4289-AF1B-E1781C983EC3}.Debug|Any CPU.ActiveCfg = Debug|Any CPU
		{2BE53BD7-0454-4289-AF1B-E1781C983EC3}.Debug|Any CPU.Build.0 = Debug|Any CPU
		{2BE53BD7-0454-4289-AF1B-E1781C983EC3}.Release|Any CPU.ActiveCfg = Release|Any CPU
		{2BE53BD7-0454-4289-AF1B-E1781C983EC3}.Release|Any CPU.Build.0 = Release|Any CPU
		{FF84114A-C58C-4E65-B25F-DB49AB98A4F7}.Debug|Any CPU.ActiveCfg = Debug|Any CPU
		{FF84114A-C58C-4E65-B25F-DB49AB98A4F7}.Debug|Any CPU.Build.0 = Debug|Any CPU
		{FF84114A-C58C-4E65-B25F-DB49AB98A4F7}.Release|Any CPU.ActiveCfg = Release|Any CPU
		{FF84114A-C58C-4E65-B25F-DB49AB98A4F7}.Release|Any CPU.Build.0 = Release|Any CPU
		{61294CF9-8B5F-44F1-8A65-743728A04AE4}.Debug|Any CPU.ActiveCfg = Debug|Any CPU
		{61294CF9-8B5F-44F1-8A65-743728A04AE4}.Debug|Any CPU.Build.0 = Debug|Any CPU
		{61294CF9-8B5F-44F1-8A65-743728A04AE4}.Release|Any CPU.ActiveCfg = Release|Any CPU
		{61294CF9-8B5F-44F1-8A65-743728A04AE4}.Release|Any CPU.Build.0 = Release|Any CPU
		{CC0D993C-AB03-4874-A263-F91AE9DA7804}.Debug|Any CPU.ActiveCfg = Debug|Any CPU
		{CC0D993C-AB03-4874-A263-F91AE9DA7804}.Debug|Any CPU.Build.0 = Debug|Any CPU
		{CC0D993C-AB03-4874-A263-F91AE9DA7804}.Release|Any CPU.ActiveCfg = Release|Any CPU
		{CC0D993C-AB03-4874-A263-F91AE9DA7804}.Release|Any CPU.Build.0 = Release|Any CPU
		{A0C83074-0466-47DC-800C-17F3D0205713}.Debug|Any CPU.ActiveCfg = Debug|Any CPU
		{A0C83074-0466-47DC-800C-17F3D0205713}.Debug|Any CPU.Build.0 = Debug|Any CPU
		{A0C83074-0466-47DC-800C-17F3D0205713}.Release|Any CPU.ActiveCfg = Release|Any CPU
		{A0C83074-0466-47DC-800C-17F3D0205713}.Release|Any CPU.Build.0 = Release|Any CPU
		{8D42DF7A-10D6-4511-BF0D-673592D1A791}.Debug|Any CPU.ActiveCfg = Debug|Any CPU
		{8D42DF7A-10D6-4511-BF0D-673592D1A791}.Debug|Any CPU.Build.0 = Debug|Any CPU
		{8D42DF7A-10D6-4511-BF0D-673592D1A791}.Release|Any CPU.ActiveCfg = Release|Any CPU
		{8D42DF7A-10D6-4511-BF0D-673592D1A791}.Release|Any CPU.Build.0 = Release|Any CPU
	EndGlobalSection
	GlobalSection(SolutionProperties) = preSolution
		HideSolutionNode = FALSE
	EndGlobalSection
EndGlobal
