
Microsoft Visual Studio Solution File, Format Version 12.00
# Visual Studio 15
VisualStudioVersion = 15.0.26430.13
MinimumVisualStudioVersion = 10.0.40219.1
Project("{9A19103F-16F7-4668-BE54-9A1E7A4F7556}") = "Resin.Cli", "Resin.Cli\Resin.Cli.csproj", "{1440DE2D-BD2B-4E68-9021-3A26955CF0C7}"
EndProject
Project("{9A19103F-16F7-4668-BE54-9A1E7A4F7556}") = "ResinDB", "ResinCore\ResinDB.csproj", "{AD0B922D-DE0D-48DD-8E88-70833F62F8D7}"
EndProject
Project("{2150E333-8FDC-42A3-9474-1A3956D46DE8}") = "Resources", "Resources", "{170DE0FC-3DF8-49E7-A084-CF4D1E2F7DAF}"
	ProjectSection(SolutionItems) = preProject
		..\LICENSE = ..\LICENSE
		..\README.md = ..\README.md
		..\rn-write.bat = ..\rn-write.bat
		..\rn.bat = ..\rn.bat
		..\todo.txt = ..\todo.txt
	EndProjectSection
EndProject
Project("{9A19103F-16F7-4668-BE54-9A1E7A4F7556}") = "Resin.UnitTests", "Resin.UnitTests\Resin.UnitTests.csproj", "{B9CEA923-07C2-4ADE-8DD5-E2CDAC3EA9A7}"
EndProject
Project("{2150E333-8FDC-42A3-9474-1A3956D46DE8}") = "Tests", "Tests", "{47C9EBB6-39BE-4B19-BA51-401EC9777BA6}"
EndProject
Project("{9A19103F-16F7-4668-BE54-9A1E7A4F7556}") = "DocumentTable", "DocumentTable\DocumentTable.csproj", "{2FD09C0D-881D-468C-8F99-346718FAED5E}"
EndProject
Project("{9A19103F-16F7-4668-BE54-9A1E7A4F7556}") = "StreamIndex", "StreamIndex\StreamIndex.csproj", "{5BED9FA1-6BED-4AC1-859A-A85C06C93096}"
EndProject
Global
	GlobalSection(SolutionConfigurationPlatforms) = preSolution
		Debug|Any CPU = Debug|Any CPU
		Release|Any CPU = Release|Any CPU
	EndGlobalSection
	GlobalSection(ProjectConfigurationPlatforms) = postSolution
		{1440DE2D-BD2B-4E68-9021-3A26955CF0C7}.Debug|Any CPU.ActiveCfg = Debug|Any CPU
		{1440DE2D-BD2B-4E68-9021-3A26955CF0C7}.Debug|Any CPU.Build.0 = Debug|Any CPU
		{1440DE2D-BD2B-4E68-9021-3A26955CF0C7}.Release|Any CPU.ActiveCfg = Release|Any CPU
		{1440DE2D-BD2B-4E68-9021-3A26955CF0C7}.Release|Any CPU.Build.0 = Release|Any CPU
		{AD0B922D-DE0D-48DD-8E88-70833F62F8D7}.Debug|Any CPU.ActiveCfg = Debug|Any CPU
		{AD0B922D-DE0D-48DD-8E88-70833F62F8D7}.Debug|Any CPU.Build.0 = Debug|Any CPU
		{AD0B922D-DE0D-48DD-8E88-70833F62F8D7}.Release|Any CPU.ActiveCfg = Release|Any CPU
		{AD0B922D-DE0D-48DD-8E88-70833F62F8D7}.Release|Any CPU.Build.0 = Release|Any CPU
		{B9CEA923-07C2-4ADE-8DD5-E2CDAC3EA9A7}.Debug|Any CPU.ActiveCfg = Debug|Any CPU
		{B9CEA923-07C2-4ADE-8DD5-E2CDAC3EA9A7}.Debug|Any CPU.Build.0 = Debug|Any CPU
		{B9CEA923-07C2-4ADE-8DD5-E2CDAC3EA9A7}.Release|Any CPU.ActiveCfg = Release|Any CPU
		{B9CEA923-07C2-4ADE-8DD5-E2CDAC3EA9A7}.Release|Any CPU.Build.0 = Release|Any CPU
		{2FD09C0D-881D-468C-8F99-346718FAED5E}.Debug|Any CPU.ActiveCfg = Debug|Any CPU
		{2FD09C0D-881D-468C-8F99-346718FAED5E}.Debug|Any CPU.Build.0 = Debug|Any CPU
		{2FD09C0D-881D-468C-8F99-346718FAED5E}.Release|Any CPU.ActiveCfg = Release|Any CPU
		{2FD09C0D-881D-468C-8F99-346718FAED5E}.Release|Any CPU.Build.0 = Release|Any CPU
		{5BED9FA1-6BED-4AC1-859A-A85C06C93096}.Debug|Any CPU.ActiveCfg = Debug|Any CPU
		{5BED9FA1-6BED-4AC1-859A-A85C06C93096}.Debug|Any CPU.Build.0 = Debug|Any CPU
		{5BED9FA1-6BED-4AC1-859A-A85C06C93096}.Release|Any CPU.ActiveCfg = Release|Any CPU
		{5BED9FA1-6BED-4AC1-859A-A85C06C93096}.Release|Any CPU.Build.0 = Release|Any CPU
	EndGlobalSection
	GlobalSection(SolutionProperties) = preSolution
		HideSolutionNode = FALSE
	EndGlobalSection
	GlobalSection(NestedProjects) = preSolution
		{B9CEA923-07C2-4ADE-8DD5-E2CDAC3EA9A7} = {47C9EBB6-39BE-4B19-BA51-401EC9777BA6}
	EndGlobalSection
EndGlobal
