
Microsoft Visual Studio Solution File, Format Version 12.00
# Visual Studio Version 16
VisualStudioVersion = 16.0.29326.143
MinimumVisualStudioVersion = 10.0.40219.1
Project("{9A19103F-16F7-4668-BE54-9A1E7A4F7556}") = "Sir.Core", "Sir\Sir.Core.csproj", "{2002DD08-0083-4184-BB1A-2469B608DE95}"
EndProject
Project("{2150E333-8FDC-42A3-9474-1A3956D46DE8}") = "resources", "resources", "{CA96B574-72B3-4954-8B51-4C961A6F6622}"
	ProjectSection(SolutionItems) = preProject
		..\README.md = ..\README.md
	EndProjectSection
EndProject
Project("{9A19103F-16F7-4668-BE54-9A1E7A4F7556}") = "Sir.HttpServer", "Sir.HttpServer\Sir.HttpServer.csproj", "{C94C2F5D-AE55-4157-A74A-26D49EE73E96}"
EndProject
Project("{9A19103F-16F7-4668-BE54-9A1E7A4F7556}") = "Sir.Search", "Sir.Search\Sir.Search.csproj", "{24E80BBF-27D7-49AB-9C1E-B9EAA2453D38}"
EndProject
Project("{9A19103F-16F7-4668-BE54-9A1E7A4F7556}") = "Sir.StringCompare", "Sir.StringCompare\Sir.StringCompare.csproj", "{610237D4-15E5-4C9F-9BAE-ACB24F634D2F}"
EndProject
Project("{9A19103F-16F7-4668-BE54-9A1E7A4F7556}") = "Sir.DbUtil", "Sir.DbUtil\Sir.DbUtil.csproj", "{D267D6FB-6DA5-444F-A628-FC0C3B1C6662}"
EndProject
Project("{9A19103F-16F7-4668-BE54-9A1E7A4F7556}") = "Sir.Store.Tests", "Sir.Store.Tests\Sir.Store.Tests.csproj", "{03F6B627-A8CC-43A6-9BD0-5A9CE47E7EA6}"
EndProject
Project("{9A19103F-16F7-4668-BE54-9A1E7A4F7556}") = "Sir.KeyValue", "Sir.KeyValue\Sir.KeyValue.csproj", "{53B25A13-5C26-4344-9AB6-7E998282EF94}"
EndProject
Project("{9A19103F-16F7-4668-BE54-9A1E7A4F7556}") = "Sir.VectorSpace", "Sir.VectorSpace\Sir.VectorSpace.csproj", "{ABE198C3-16A6-476F-8B4D-FD14F943F632}"
EndProject
Project("{2150E333-8FDC-42A3-9474-1A3956D46DE8}") = "apps", "apps", "{B97268C5-0BFA-4022-BA3F-C07C1F239C8D}"
EndProject
Project("{2150E333-8FDC-42A3-9474-1A3956D46DE8}") = "tests", "tests", "{35E2693A-1A42-4690-81A8-D424C3D24AD1}"
EndProject
Project("{9A19103F-16F7-4668-BE54-9A1E7A4F7556}") = "Sir.Document", "Sir.Document\Sir.Document.csproj", "{F6AFA2E5-1FEA-4DC6-9386-20315126C7C4}"
EndProject
Project("{FAE04EC0-301F-11D3-BF4B-00C04F79EFBC}") = "Sir.CommonCrawl", "Sir.CommonCrawl\Sir.CommonCrawl.csproj", "{304CAC1B-825A-4D89-AE4C-9C0FC5206607}"
EndProject
Global
	GlobalSection(SolutionConfigurationPlatforms) = preSolution
		Debug|Any CPU = Debug|Any CPU
		Release|Any CPU = Release|Any CPU
	EndGlobalSection
	GlobalSection(ProjectConfigurationPlatforms) = postSolution
		{2002DD08-0083-4184-BB1A-2469B608DE95}.Debug|Any CPU.ActiveCfg = Debug|Any CPU
		{2002DD08-0083-4184-BB1A-2469B608DE95}.Debug|Any CPU.Build.0 = Debug|Any CPU
		{2002DD08-0083-4184-BB1A-2469B608DE95}.Release|Any CPU.ActiveCfg = Release|Any CPU
		{2002DD08-0083-4184-BB1A-2469B608DE95}.Release|Any CPU.Build.0 = Release|Any CPU
		{C94C2F5D-AE55-4157-A74A-26D49EE73E96}.Debug|Any CPU.ActiveCfg = Debug|Any CPU
		{C94C2F5D-AE55-4157-A74A-26D49EE73E96}.Debug|Any CPU.Build.0 = Debug|Any CPU
		{C94C2F5D-AE55-4157-A74A-26D49EE73E96}.Release|Any CPU.ActiveCfg = Release|Any CPU
		{C94C2F5D-AE55-4157-A74A-26D49EE73E96}.Release|Any CPU.Build.0 = Release|Any CPU
		{24E80BBF-27D7-49AB-9C1E-B9EAA2453D38}.Debug|Any CPU.ActiveCfg = Debug|Any CPU
		{24E80BBF-27D7-49AB-9C1E-B9EAA2453D38}.Debug|Any CPU.Build.0 = Debug|Any CPU
		{24E80BBF-27D7-49AB-9C1E-B9EAA2453D38}.Release|Any CPU.ActiveCfg = Release|Any CPU
		{24E80BBF-27D7-49AB-9C1E-B9EAA2453D38}.Release|Any CPU.Build.0 = Release|Any CPU
		{610237D4-15E5-4C9F-9BAE-ACB24F634D2F}.Debug|Any CPU.ActiveCfg = Debug|Any CPU
		{610237D4-15E5-4C9F-9BAE-ACB24F634D2F}.Debug|Any CPU.Build.0 = Debug|Any CPU
		{610237D4-15E5-4C9F-9BAE-ACB24F634D2F}.Release|Any CPU.ActiveCfg = Release|Any CPU
		{610237D4-15E5-4C9F-9BAE-ACB24F634D2F}.Release|Any CPU.Build.0 = Release|Any CPU
		{D267D6FB-6DA5-444F-A628-FC0C3B1C6662}.Debug|Any CPU.ActiveCfg = Debug|Any CPU
		{D267D6FB-6DA5-444F-A628-FC0C3B1C6662}.Debug|Any CPU.Build.0 = Debug|Any CPU
		{D267D6FB-6DA5-444F-A628-FC0C3B1C6662}.Release|Any CPU.ActiveCfg = Release|Any CPU
		{D267D6FB-6DA5-444F-A628-FC0C3B1C6662}.Release|Any CPU.Build.0 = Release|Any CPU
		{03F6B627-A8CC-43A6-9BD0-5A9CE47E7EA6}.Debug|Any CPU.ActiveCfg = Debug|Any CPU
		{03F6B627-A8CC-43A6-9BD0-5A9CE47E7EA6}.Debug|Any CPU.Build.0 = Debug|Any CPU
		{03F6B627-A8CC-43A6-9BD0-5A9CE47E7EA6}.Release|Any CPU.ActiveCfg = Release|Any CPU
		{03F6B627-A8CC-43A6-9BD0-5A9CE47E7EA6}.Release|Any CPU.Build.0 = Release|Any CPU
		{53B25A13-5C26-4344-9AB6-7E998282EF94}.Debug|Any CPU.ActiveCfg = Debug|Any CPU
		{53B25A13-5C26-4344-9AB6-7E998282EF94}.Debug|Any CPU.Build.0 = Debug|Any CPU
		{53B25A13-5C26-4344-9AB6-7E998282EF94}.Release|Any CPU.ActiveCfg = Release|Any CPU
		{53B25A13-5C26-4344-9AB6-7E998282EF94}.Release|Any CPU.Build.0 = Release|Any CPU
		{ABE198C3-16A6-476F-8B4D-FD14F943F632}.Debug|Any CPU.ActiveCfg = Debug|Any CPU
		{ABE198C3-16A6-476F-8B4D-FD14F943F632}.Debug|Any CPU.Build.0 = Debug|Any CPU
		{ABE198C3-16A6-476F-8B4D-FD14F943F632}.Release|Any CPU.ActiveCfg = Release|Any CPU
		{ABE198C3-16A6-476F-8B4D-FD14F943F632}.Release|Any CPU.Build.0 = Release|Any CPU
		{F6AFA2E5-1FEA-4DC6-9386-20315126C7C4}.Debug|Any CPU.ActiveCfg = Debug|Any CPU
		{F6AFA2E5-1FEA-4DC6-9386-20315126C7C4}.Debug|Any CPU.Build.0 = Debug|Any CPU
		{F6AFA2E5-1FEA-4DC6-9386-20315126C7C4}.Release|Any CPU.ActiveCfg = Release|Any CPU
		{F6AFA2E5-1FEA-4DC6-9386-20315126C7C4}.Release|Any CPU.Build.0 = Release|Any CPU
		{304CAC1B-825A-4D89-AE4C-9C0FC5206607}.Debug|Any CPU.ActiveCfg = Debug|Any CPU
		{304CAC1B-825A-4D89-AE4C-9C0FC5206607}.Debug|Any CPU.Build.0 = Debug|Any CPU
		{304CAC1B-825A-4D89-AE4C-9C0FC5206607}.Release|Any CPU.ActiveCfg = Release|Any CPU
		{304CAC1B-825A-4D89-AE4C-9C0FC5206607}.Release|Any CPU.Build.0 = Release|Any CPU
	EndGlobalSection
	GlobalSection(SolutionProperties) = preSolution
		HideSolutionNode = FALSE
	EndGlobalSection
	GlobalSection(NestedProjects) = preSolution
		{C94C2F5D-AE55-4157-A74A-26D49EE73E96} = {B97268C5-0BFA-4022-BA3F-C07C1F239C8D}
		{610237D4-15E5-4C9F-9BAE-ACB24F634D2F} = {B97268C5-0BFA-4022-BA3F-C07C1F239C8D}
		{D267D6FB-6DA5-444F-A628-FC0C3B1C6662} = {B97268C5-0BFA-4022-BA3F-C07C1F239C8D}
		{03F6B627-A8CC-43A6-9BD0-5A9CE47E7EA6} = {35E2693A-1A42-4690-81A8-D424C3D24AD1}
		{304CAC1B-825A-4D89-AE4C-9C0FC5206607} = {B97268C5-0BFA-4022-BA3F-C07C1F239C8D}
	EndGlobalSection
	GlobalSection(ExtensibilityGlobals) = postSolution
		SolutionGuid = {60BC16EF-AAA7-498C-A62A-56F3F740FC89}
	EndGlobalSection
EndGlobal
